
Microsoft Visual Studio Solution File, Format Version 12.00
# Visual Studio Version 17
VisualStudioVersion = 17.2.32630.192
MinimumVisualStudioVersion = 10.0.40219.1
Project("{FAE04EC0-301F-11D3-BF4B-00C04F79EFBC}") = "Searching", "Algorithms\Searching.csproj", "{5FA7A649-3FEF-4C07-A253-4FE4ECBB82E3}"
EndProject
Project("{FAE04EC0-301F-11D3-BF4B-00C04F79EFBC}") = "Sorting", "Sorting\Sorting.csproj", "{7495B90D-8ADF-4ED3-BE23-0BB9844288BB}"
EndProject
Global
	GlobalSection(SolutionConfigurationPlatforms) = preSolution
		Debug|Any CPU = Debug|Any CPU
		Release|Any CPU = Release|Any CPU
	EndGlobalSection
	GlobalSection(ProjectConfigurationPlatforms) = postSolution
		{5FA7A649-3FEF-4C07-A253-4FE4ECBB82E3}.Debug|Any CPU.ActiveCfg = Debug|Any CPU
		{5FA7A649-3FEF-4C07-A253-4FE4ECBB82E3}.Debug|Any CPU.Build.0 = Debug|Any CPU
		{5FA7A649-3FEF-4C07-A253-4FE4ECBB82E3}.Release|Any CPU.ActiveCfg = Release|Any CPU
		{5FA7A649-3FEF-4C07-A253-4FE4ECBB82E3}.Release|Any CPU.Build.0 = Release|Any CPU
		{7495B90D-8ADF-4ED3-BE23-0BB9844288BB}.Debug|Any CPU.ActiveCfg = Debug|Any CPU
		{7495B90D-8ADF-4ED3-BE23-0BB9844288BB}.Debug|Any CPU.Build.0 = Debug|Any CPU
		{7495B90D-8ADF-4ED3-BE23-0BB9844288BB}.Release|Any CPU.ActiveCfg = Release|Any CPU
		{7495B90D-8ADF-4ED3-BE23-0BB9844288BB}.Release|Any CPU.Build.0 = Release|Any CPU
	EndGlobalSection
	GlobalSection(SolutionProperties) = preSolution
		HideSolutionNode = FALSE
	EndGlobalSection
	GlobalSection(ExtensibilityGlobals) = postSolution
		SolutionGuid = {6865973C-D713-437F-B27D-F1E4D703E736}
	EndGlobalSection
EndGlobal
